
Microsoft Visual Studio Solution File, Format Version 12.00
# Visual Studio Version 16
VisualStudioVersion = 16.0.31613.86
MinimumVisualStudioVersion = 10.0.40219.1
Project("{FAE04EC0-301F-11D3-BF4B-00C04F79EFBC}") = "baitap1", "baitap1\baitap1.csproj", "{A5AE10F1-2022-4BA2-BDF3-9F33EE797086}"
EndProject
Global
	GlobalSection(SolutionConfigurationPlatforms) = preSolution
		Debug|Any CPU = Debug|Any CPU
		Release|Any CPU = Release|Any CPU
	EndGlobalSection
	GlobalSection(ProjectConfigurationPlatforms) = postSolution
		{A5AE10F1-2022-4BA2-BDF3-9F33EE797086}.Debug|Any CPU.ActiveCfg = Debug|Any CPU
		{A5AE10F1-2022-4BA2-BDF3-9F33EE797086}.Debug|Any CPU.Build.0 = Debug|Any CPU
		{A5AE10F1-2022-4BA2-BDF3-9F33EE797086}.Release|Any CPU.ActiveCfg = Release|Any CPU
		{A5AE10F1-2022-4BA2-BDF3-9F33EE797086}.Release|Any CPU.Build.0 = Release|Any CPU
	EndGlobalSection
	GlobalSection(SolutionProperties) = preSolution
		HideSolutionNode = FALSE
	EndGlobalSection
	GlobalSection(ExtensibilityGlobals) = postSolution
		SolutionGuid = {6563A359-CE0A-4021-A865-93DD4A90E347}
	EndGlobalSection
EndGlobal
